
Microsoft Visual Studio Solution File, Format Version 12.00
# Visual Studio Version 17
VisualStudioVersion = 17.5.002.0
MinimumVisualStudioVersion = 10.0.40219.1
Project("{2150E333-8FDC-42A3-9474-1A3956D46DE8}") = "csharp-prep", "csharp-prep", "{0543F489-64A2-4245-9FE4-3654C6FDF9A0}"
EndProject
Project("{9A19103F-16F7-4668-BE54-9A1E7A4F7556}") = "Prep1", "csharp-prep\Prep1\Prep1.csproj", "{9481FC31-A78F-4E63-A19D-115A0F315CA6}"
EndProject
Project("{9A19103F-16F7-4668-BE54-9A1E7A4F7556}") = "Prep2", "csharp-prep\Prep2\Prep2.csproj", "{D6F03DCF-9523-4560-8C48-84148011A859}"
EndProject
Project("{9A19103F-16F7-4668-BE54-9A1E7A4F7556}") = "Prep3", "csharp-prep\Prep3\Prep3.csproj", "{A14E7168-5EC5-4767-88FB-38B582240222}"
EndProject
Project("{9A19103F-16F7-4668-BE54-9A1E7A4F7556}") = "Prep4", "csharp-prep\Prep4\Prep4.csproj", "{67815FD2-3AB6-43E3-9C68-08B73D6BE939}"
EndProject
Project("{9A19103F-16F7-4668-BE54-9A1E7A4F7556}") = "Prep5", "csharp-prep\Prep5\Prep5.csproj", "{FE6C5784-7367-4CF3-A72A-F6993F20F4A1}"
EndProject
Project("{2150E333-8FDC-42A3-9474-1A3956D46DE8}") = "final", "final", "{6D3E3994-2DEE-4209-B92B-87E79738519C}"
EndProject
Project("{9A19103F-16F7-4668-BE54-9A1E7A4F7556}") = "FinalProject", "final\FinalProject\FinalProject.csproj", "{B329BCCE-7843-44E6-837B-7AFADB4D7B4F}"
EndProject
Project("{9A19103F-16F7-4668-BE54-9A1E7A4F7556}") = "Foundation1", "final\Foundation1\Foundation1.csproj", "{141ADEE9-3648-4D65-946F-E406C1DC9871}"
EndProject
Project("{9A19103F-16F7-4668-BE54-9A1E7A4F7556}") = "Foundation2", "final\Foundation2\Foundation2.csproj", "{3C3BDBBA-872A-4F2A-B3DC-CB238C250221}"
EndProject
Project("{9A19103F-16F7-4668-BE54-9A1E7A4F7556}") = "Foundation3", "final\Foundation3\Foundation3.csproj", "{0869AD63-FC5A-4132-BB7E-3949CFA2F718}"
EndProject
Project("{9A19103F-16F7-4668-BE54-9A1E7A4F7556}") = "Foundation4", "final\Foundation4\Foundation4.csproj", "{FE8B40C4-F7A9-4665-AEE6-89B15D0052F8}"
EndProject
Project("{2150E333-8FDC-42A3-9474-1A3956D46DE8}") = "prepare", "prepare", "{B1EA5E8D-F067-491F-B08B-758127490E3E}"
EndProject
Project("{9A19103F-16F7-4668-BE54-9A1E7A4F7556}") = "Learning02", "prepare\Learning02\Learning02.csproj", "{4CD432A0-FEEC-419B-947D-CA963AD2F48A}"
EndProject
Project("{9A19103F-16F7-4668-BE54-9A1E7A4F7556}") = "Learning03", "prepare\Learning03\Learning03.csproj", "{3ED8BE10-565C-48F3-9652-42EF2201A314}"
EndProject
Project("{9A19103F-16F7-4668-BE54-9A1E7A4F7556}") = "Learning04", "prepare\Learning04\Learning04.csproj", "{79E80A67-675D-463D-A774-A410A445B968}"
EndProject
Project("{9A19103F-16F7-4668-BE54-9A1E7A4F7556}") = "Learning05", "prepare\Learning05\Learning05.csproj", "{AF024064-A2F9-43CE-A496-2DF18FAE967F}"
EndProject
Project("{2150E333-8FDC-42A3-9474-1A3956D46DE8}") = "prove", "prove", "{034339E0-5275-47C2-B4EB-5B080AF814A9}"
EndProject
Project("{9A19103F-16F7-4668-BE54-9A1E7A4F7556}") = "Develop02", "prove\Develop02\Develop02.csproj", "{2441F1FA-4813-4A1F-A519-33484575ABBC}"
EndProject
Project("{9A19103F-16F7-4668-BE54-9A1E7A4F7556}") = "Develop03", "prove\Develop03\Develop03.csproj", "{3CB54D22-B3D4-404B-AC54-4E8877C192AC}"
EndProject
Project("{9A19103F-16F7-4668-BE54-9A1E7A4F7556}") = "Develop04", "prove\Develop04\Develop04.csproj", "{3AE6D479-B64D-44D7-8922-3F9B1CCF3FE7}"
EndProject
Project("{9A19103F-16F7-4668-BE54-9A1E7A4F7556}") = "Develop05", "prove\Develop05\Develop05.csproj", "{9C6F8313-03DB-411A-8AAF-704D321F845C}"
EndProject
Project("{2150E333-8FDC-42A3-9474-1A3956D46DE8}") = "sandbox", "sandbox", "{4B82F26C-D471-45F2-9095-B85E8B2FD917}"
EndProject
Project("{9A19103F-16F7-4668-BE54-9A1E7A4F7556}") = "Sandbox", "sandbox\Sandbox\Sandbox.csproj", "{19424A58-0EDF-43EC-ACB0-AE84BC9B6426}"
EndProject
Global
	GlobalSection(SolutionConfigurationPlatforms) = preSolution
		Debug|Any CPU = Debug|Any CPU
		Release|Any CPU = Release|Any CPU
	EndGlobalSection
	GlobalSection(ProjectConfigurationPlatforms) = postSolution
		{9481FC31-A78F-4E63-A19D-115A0F315CA6}.Debug|Any CPU.ActiveCfg = Debug|Any CPU
		{9481FC31-A78F-4E63-A19D-115A0F315CA6}.Debug|Any CPU.Build.0 = Debug|Any CPU
		{9481FC31-A78F-4E63-A19D-115A0F315CA6}.Release|Any CPU.ActiveCfg = Release|Any CPU
		{9481FC31-A78F-4E63-A19D-115A0F315CA6}.Release|Any CPU.Build.0 = Release|Any CPU
		{D6F03DCF-9523-4560-8C48-84148011A859}.Debug|Any CPU.ActiveCfg = Debug|Any CPU
		{D6F03DCF-9523-4560-8C48-84148011A859}.Debug|Any CPU.Build.0 = Debug|Any CPU
		{D6F03DCF-9523-4560-8C48-84148011A859}.Release|Any CPU.ActiveCfg = Release|Any CPU
		{D6F03DCF-9523-4560-8C48-84148011A859}.Release|Any CPU.Build.0 = Release|Any CPU
		{A14E7168-5EC5-4767-88FB-38B582240222}.Debug|Any CPU.ActiveCfg = Debug|Any CPU
		{A14E7168-5EC5-4767-88FB-38B582240222}.Debug|Any CPU.Build.0 = Debug|Any CPU
		{A14E7168-5EC5-4767-88FB-38B582240222}.Release|Any CPU.ActiveCfg = Release|Any CPU
		{A14E7168-5EC5-4767-88FB-38B582240222}.Release|Any CPU.Build.0 = Release|Any CPU
		{67815FD2-3AB6-43E3-9C68-08B73D6BE939}.Debug|Any CPU.ActiveCfg = Debug|Any CPU
		{67815FD2-3AB6-43E3-9C68-08B73D6BE939}.Debug|Any CPU.Build.0 = Debug|Any CPU
		{67815FD2-3AB6-43E3-9C68-08B73D6BE939}.Release|Any CPU.ActiveCfg = Release|Any CPU
		{67815FD2-3AB6-43E3-9C68-08B73D6BE939}.Release|Any CPU.Build.0 = Release|Any CPU
		{FE6C5784-7367-4CF3-A72A-F6993F20F4A1}.Debug|Any CPU.ActiveCfg = Debug|Any CPU
		{FE6C5784-7367-4CF3-A72A-F6993F20F4A1}.Debug|Any CPU.Build.0 = Debug|Any CPU
		{FE6C5784-7367-4CF3-A72A-F6993F20F4A1}.Release|Any CPU.ActiveCfg = Release|Any CPU
		{FE6C5784-7367-4CF3-A72A-F6993F20F4A1}.Release|Any CPU.Build.0 = Release|Any CPU
		{B329BCCE-7843-44E6-837B-7AFADB4D7B4F}.Debug|Any CPU.ActiveCfg = Debug|Any CPU
		{B329BCCE-7843-44E6-837B-7AFADB4D7B4F}.Debug|Any CPU.Build.0 = Debug|Any CPU
		{B329BCCE-7843-44E6-837B-7AFADB4D7B4F}.Release|Any CPU.ActiveCfg = Release|Any CPU
		{B329BCCE-7843-44E6-837B-7AFADB4D7B4F}.Release|Any CPU.Build.0 = Release|Any CPU
		{141ADEE9-3648-4D65-946F-E406C1DC9871}.Debug|Any CPU.ActiveCfg = Debug|Any CPU
		{141ADEE9-3648-4D65-946F-E406C1DC9871}.Debug|Any CPU.Build.0 = Debug|Any CPU
		{141ADEE9-3648-4D65-946F-E406C1DC9871}.Release|Any CPU.ActiveCfg = Release|Any CPU
		{141ADEE9-3648-4D65-946F-E406C1DC9871}.Release|Any CPU.Build.0 = Release|Any CPU
		{3C3BDBBA-872A-4F2A-B3DC-CB238C250221}.Debug|Any CPU.ActiveCfg = Debug|Any CPU
		{3C3BDBBA-872A-4F2A-B3DC-CB238C250221}.Debug|Any CPU.Build.0 = Debug|Any CPU
		{3C3BDBBA-872A-4F2A-B3DC-CB238C250221}.Release|Any CPU.ActiveCfg = Release|Any CPU
		{3C3BDBBA-872A-4F2A-B3DC-CB238C250221}.Release|Any CPU.Build.0 = Release|Any CPU
		{0869AD63-FC5A-4132-BB7E-3949CFA2F718}.Debug|Any CPU.ActiveCfg = Debug|Any CPU
		{0869AD63-FC5A-4132-BB7E-3949CFA2F718}.Debug|Any CPU.Build.0 = Debug|Any CPU
		{0869AD63-FC5A-4132-BB7E-3949CFA2F718}.Release|Any CPU.ActiveCfg = Release|Any CPU
		{0869AD63-FC5A-4132-BB7E-3949CFA2F718}.Release|Any CPU.Build.0 = Release|Any CPU
		{FE8B40C4-F7A9-4665-AEE6-89B15D0052F8}.Debug|Any CPU.ActiveCfg = Debug|Any CPU
		{FE8B40C4-F7A9-4665-AEE6-89B15D0052F8}.Debug|Any CPU.Build.0 = Debug|Any CPU
		{FE8B40C4-F7A9-4665-AEE6-89B15D0052F8}.Release|Any CPU.ActiveCfg = Release|Any CPU
		{FE8B40C4-F7A9-4665-AEE6-89B15D0052F8}.Release|Any CPU.Build.0 = Release|Any CPU
		{4CD432A0-FEEC-419B-947D-CA963AD2F48A}.Debug|Any CPU.ActiveCfg = Debug|Any CPU
		{4CD432A0-FEEC-419B-947D-CA963AD2F48A}.Debug|Any CPU.Build.0 = Debug|Any CPU
		{4CD432A0-FEEC-419B-947D-CA963AD2F48A}.Release|Any CPU.ActiveCfg = Release|Any CPU
		{4CD432A0-FEEC-419B-947D-CA963AD2F48A}.Release|Any CPU.Build.0 = Release|Any CPU
		{3ED8BE10-565C-48F3-9652-42EF2201A314}.Debug|Any CPU.ActiveCfg = Debug|Any CPU
		{3ED8BE10-565C-48F3-9652-42EF2201A314}.Debug|Any CPU.Build.0 = Debug|Any CPU
		{3ED8BE10-565C-48F3-9652-42EF2201A314}.Release|Any CPU.ActiveCfg = Release|Any CPU
		{3ED8BE10-565C-48F3-9652-42EF2201A314}.Release|Any CPU.Build.0 = Release|Any CPU
		{79E80A67-675D-463D-A774-A410A445B968}.Debug|Any CPU.ActiveCfg = Debug|Any CPU
		{79E80A67-675D-463D-A774-A410A445B968}.Debug|Any CPU.Build.0 = Debug|Any CPU
		{79E80A67-675D-463D-A774-A410A445B968}.Release|Any CPU.ActiveCfg = Release|Any CPU
		{79E80A67-675D-463D-A774-A410A445B968}.Release|Any CPU.Build.0 = Release|Any CPU
		{AF024064-A2F9-43CE-A496-2DF18FAE967F}.Debug|Any CPU.ActiveCfg = Debug|Any CPU
		{AF024064-A2F9-43CE-A496-2DF18FAE967F}.Debug|Any CPU.Build.0 = Debug|Any CPU
		{AF024064-A2F9-43CE-A496-2DF18FAE967F}.Release|Any CPU.ActiveCfg = Release|Any CPU
		{AF024064-A2F9-43CE-A496-2DF18FAE967F}.Release|Any CPU.Build.0 = Release|Any CPU
		{2441F1FA-4813-4A1F-A519-33484575ABBC}.Debug|Any CPU.ActiveCfg = Debug|Any CPU
		{2441F1FA-4813-4A1F-A519-33484575ABBC}.Debug|Any CPU.Build.0 = Debug|Any CPU
		{2441F1FA-4813-4A1F-A519-33484575ABBC}.Release|Any CPU.ActiveCfg = Release|Any CPU
		{2441F1FA-4813-4A1F-A519-33484575ABBC}.Release|Any CPU.Build.0 = Release|Any CPU
		{3CB54D22-B3D4-404B-AC54-4E8877C192AC}.Debug|Any CPU.ActiveCfg = Debug|Any CPU
		{3CB54D22-B3D4-404B-AC54-4E8877C192AC}.Debug|Any CPU.Build.0 = Debug|Any CPU
		{3CB54D22-B3D4-404B-AC54-4E8877C192AC}.Release|Any CPU.ActiveCfg = Release|Any CPU
		{3CB54D22-B3D4-404B-AC54-4E8877C192AC}.Release|Any CPU.Build.0 = Release|Any CPU
		{3AE6D479-B64D-44D7-8922-3F9B1CCF3FE7}.Debug|Any CPU.ActiveCfg = Debug|Any CPU
		{3AE6D479-B64D-44D7-8922-3F9B1CCF3FE7}.Debug|Any CPU.Build.0 = Debug|Any CPU
		{3AE6D479-B64D-44D7-8922-3F9B1CCF3FE7}.Release|Any CPU.ActiveCfg = Release|Any CPU
		{3AE6D479-B64D-44D7-8922-3F9B1CCF3FE7}.Release|Any CPU.Build.0 = Release|Any CPU
		{9C6F8313-03DB-411A-8AAF-704D321F845C}.Debug|Any CPU.ActiveCfg = Debug|Any CPU
		{9C6F8313-03DB-411A-8AAF-704D321F845C}.Debug|Any CPU.Build.0 = Debug|Any CPU
		{9C6F8313-03DB-411A-8AAF-704D321F845C}.Release|Any CPU.ActiveCfg = Release|Any CPU
		{9C6F8313-03DB-411A-8AAF-704D321F845C}.Release|Any CPU.Build.0 = Release|Any CPU
		{19424A58-0EDF-43EC-ACB0-AE84BC9B6426}.Debug|Any CPU.ActiveCfg = Debug|Any CPU
		{19424A58-0EDF-43EC-ACB0-AE84BC9B6426}.Debug|Any CPU.Build.0 = Debug|Any CPU
		{19424A58-0EDF-43EC-ACB0-AE84BC9B6426}.Release|Any CPU.ActiveCfg = Release|Any CPU
		{19424A58-0EDF-43EC-ACB0-AE84BC9B6426}.Release|Any CPU.Build.0 = Release|Any CPU
	EndGlobalSection
	GlobalSection(SolutionProperties) = preSolution
		HideSolutionNode = FALSE
	EndGlobalSection
	GlobalSection(NestedProjects) = preSolution
		{9481FC31-A78F-4E63-A19D-115A0F315CA6} = {0543F489-64A2-4245-9FE4-3654C6FDF9A0}
		{D6F03DCF-9523-4560-8C48-84148011A859} = {0543F489-64A2-4245-9FE4-3654C6FDF9A0}
		{A14E7168-5EC5-4767-88FB-38B582240222} = {0543F489-64A2-4245-9FE4-3654C6FDF9A0}
		{67815FD2-3AB6-43E3-9C68-08B73D6BE939} = {0543F489-64A2-4245-9FE4-3654C6FDF9A0}
		{FE6C5784-7367-4CF3-A72A-F6993F20F4A1} = {0543F489-64A2-4245-9FE4-3654C6FDF9A0}
		{B329BCCE-7843-44E6-837B-7AFADB4D7B4F} = {6D3E3994-2DEE-4209-B92B-87E79738519C}
		{141ADEE9-3648-4D65-946F-E406C1DC9871} = {6D3E3994-2DEE-4209-B92B-87E79738519C}
		{3C3BDBBA-872A-4F2A-B3DC-CB238C250221} = {6D3E3994-2DEE-4209-B92B-87E79738519C}
		{0869AD63-FC5A-4132-BB7E-3949CFA2F718} = {6D3E3994-2DEE-4209-B92B-87E79738519C}
		{FE8B40C4-F7A9-4665-AEE6-89B15D0052F8} = {6D3E3994-2DEE-4209-B92B-87E79738519C}
		{4CD432A0-FEEC-419B-947D-CA963AD2F48A} = {B1EA5E8D-F067-491F-B08B-758127490E3E}
		{3ED8BE10-565C-48F3-9652-42EF2201A314} = {B1EA5E8D-F067-491F-B08B-758127490E3E}
		{79E80A67-675D-463D-A774-A410A445B968} = {B1EA5E8D-F067-491F-B08B-758127490E3E}
		{AF024064-A2F9-43CE-A496-2DF18FAE967F} = {B1EA5E8D-F067-491F-B08B-758127490E3E}
		{2441F1FA-4813-4A1F-A519-33484575ABBC} = {034339E0-5275-47C2-B4EB-5B080AF814A9}
		{3CB54D22-B3D4-404B-AC54-4E8877C192AC} = {034339E0-5275-47C2-B4EB-5B080AF814A9}
		{3AE6D479-B64D-44D7-8922-3F9B1CCF3FE7} = {034339E0-5275-47C2-B4EB-5B080AF814A9}
		{9C6F8313-03DB-411A-8AAF-704D321F845C} = {034339E0-5275-47C2-B4EB-5B080AF814A9}
		{19424A58-0EDF-43EC-ACB0-AE84BC9B6426} = {4B82F26C-D471-45F2-9095-B85E8B2FD917}
	EndGlobalSection
	GlobalSection(ExtensibilityGlobals) = postSolution
		SolutionGuid = {790C6A51-960F-429C-AE7C-81271288A444}
	EndGlobalSection
EndGlobal
